
Microsoft Visual Studio Solution File, Format Version 12.00
# Visual Studio 14
VisualStudioVersion = 14.0.25420.1
MinimumVisualStudioVersion = 10.0.40219.1
Project("{FAE04EC0-301F-11D3-BF4B-00C04F79EFBC}") = "MayurVrude 25-Nov", "MayurVrude 25-Nov\MayurVrude 25-Nov.csproj", "{FAAFB202-368C-4064-8B41-1A99912F02E7}"
EndProject
Global
	GlobalSection(SolutionConfigurationPlatforms) = preSolution
		Debug|Any CPU = Debug|Any CPU
		Release|Any CPU = Release|Any CPU
	EndGlobalSection
	GlobalSection(ProjectConfigurationPlatforms) = postSolution
		{FAAFB202-368C-4064-8B41-1A99912F02E7}.Debug|Any CPU.ActiveCfg = Debug|Any CPU
		{FAAFB202-368C-4064-8B41-1A99912F02E7}.Debug|Any CPU.Build.0 = Debug|Any CPU
		{FAAFB202-368C-4064-8B41-1A99912F02E7}.Release|Any CPU.ActiveCfg = Release|Any CPU
		{FAAFB202-368C-4064-8B41-1A99912F02E7}.Release|Any CPU.Build.0 = Release|Any CPU
	EndGlobalSection
	GlobalSection(SolutionProperties) = preSolution
		HideSolutionNode = FALSE
	EndGlobalSection
EndGlobal
